code.cloudfoundry.org/cli v6.32.0+incompatible h1:gRKOIADp3RvAkuRuBq0F4V+GxwNBBiojHshrPUbM6Eg=
code.cloudfoundry.org/cli v6.32.0+incompatible/go.mod h1:e4d+EpbwevNhyTZKybrLlyTvpH+W22vMsmdmcTxs/Fo=
code.cloudfoundry.org/multierror v0.0.0-20170123201326-dafed03eebc6 h1:FQ2hzil6fbEJL+aJvvktImjFvd3tjhKpl3nkBchaeWA=
code.cloudfoundry.org/multierror v0.0.0-20170123201326-dafed03eebc6/go.mod h1:c+YiqRxUyZdHqUjTeibfQS6ElBOOLhKNh3NBfZ57HnI=
github.com/briandowns/spinner v0.0.0-20170614154858-48dbb65d7bd5 h1:osZyZB7J4kE1tKLeaUjV6+uZVBfS835T0I/RxmwWw1w=
github.com/briandowns/spinner v0.0.0-20170614154858-48dbb65d7bd5/go.mod h1:hw/JEQBIE+c/BLI4aKM8UU8v+ZqrD3h7HC27kKt8JQU=
github.com/cloudfoundry/multierror v0.0.0-20170123201326-dafed03eebc6 h1:23z8rx4pvM/D6U2QWePQVI1ezP9f2NWa/4vyxpFh6bI=
github.com/cloudfoundry/multierror v0.0.0-20170123201326-dafed03eebc6/go.mod h1:bLIBIrBXSucKUIT3AuZXZ0walBO/xqgoZFj4aNGcCe0=
github.com/fatih/color v1.5.0 h1:vBh+kQp8lg9XPr56u1CPrWjFXtdphMoGWVHr9/1c+A0=
github.com/fatih/color v1.5.0/go.mod h1:Zm6kSWBoL9eyXnKyktHP6abPY2pDugNf5KwzbycvMj4=
github.com/golang/protobuf v0.0.0-20171021043952-1643683e1b54 h1:nRNJXiJvemchkOTn0V4U11TZkvacB94gTzbTZbSA7Rw=
github.com/golang/protobuf v0.0.0-20171021043952-1643683e1b54/go.mod h1:6lQm79b+lXiMfvg/cZm0SGofjICqVBUtrP5yJMmIC1U=
github.com/inconshreveable/mousetrap v1.0.0 h1:Z8tu5sraLXCXIcARxBp/8cbvlwVa7Z1NHg9XEKhtSvM=
github.com/inconshreveable/mousetrap v1.0.0/go.mod h1:PxqpIevigyE2G7u3NXJIT2ANytuPF1OarO4DADm73n8=
github.com/kr/pretty v0.1.0 h1:L/CwN0zerZDmRFUapSPitk6f+Q3+0za1rQkzVuMiMFI=
github.com/kr/pretty v0.1.0/go.mod h1:dAy3ld7l9f0ibDNOQOHHMYYIIbhfbHSm3C4ZsoJORNo=
github.com/kr/pty v1.1.1/go.mod h1:pFQYn66WHrOpPYNljwOMqo10TkYh1fy3cYio2l3bCsQ=
github.com/kr/text v0.1.0 h1:45sCR5RtlFHMR4UwH9sdQ5TC8v0qDQCHnXt+kaKSTVE=
github.com/kr/text v0.1.0/go.mod h1:4Jbv+DJW3UT/LiOwJeYQe1efqtUx/iVham/4vfdArNI=
github.com/mattn/go-colorable v0.0.9 h1:UVL0vNpWh04HeJXV0KLcaT7r06gOH2l4OW6ddYRUIY4=
github.com/mattn/go-colorable v0.0.9/go.mod h1:9vuHe8Xs5qXnSaW/c/ABM9alt+Vo+STaOChaDxuIBZU=
github.com/mattn/go-isatty v0.0.3 h1:ns/ykhmWi7G9O+8a448SecJU3nSMBXJfqQkl0upE1jI=
github.com/mattn/go-isatty v0.0.3/go.mod h1:M+lRXTBqGeGNdLjl/ufCoiOlB5xdOkqRJdNxMWT7Zi4=
github.com/onsi/ginkgo v1.4.0 h1:n60/4GZK0Sr9O2iuGKq876Aoa0ER2ydgpMOBwzJ8e2c=
github.com/onsi/ginkgo v1.4.0/go.mod h1:lLunBs/Ym6LB5Z9jYTR76FiuTmxDTDusOGeTQH+WWjE=
github.com/onsi/gomega v1.2.0 h1:tQjc4uvqBp0z424R9V/S2L18penoUiwZftoY0t48IZ4=
github.com/onsi/gomega v1.2.0/go.mod h1:C1qb7wdrVGGVU+Z6iS04AVkA3Q65CEZX59MT0QO5uiA=
github.com/spf13/cobra v0.0.1 h1:zZh3X5aZbdnoj+4XkaBxKfhO4ot82icYdhhREIAXIj8=
github.com/spf13/cobra v0.0.1/go.mod h1:1l0Ry5zgKvJasoi3XT1TypsSe7PqH0Sj9dhYf7v3XqQ=
github.com/spf13/pflag v1.0.0 h1:oaPbdDe/x0UncahuwiPxW1GYJyilRAdsPnq3e1yaPcI=
github.com/spf13/pflag v1.0.0/go.mod h1:DYY7MBk1bdzusC3SYhjObp+wFpr4gzcvqqNjLnInEg4=
golang.org/x/crypto v0.0.0-20171105172739-ca1fcd4ab4c1 h1:TTjkggq4gYz8qiSK4pcif+6tqnOHTxhsdJDZBaMSiVM=
golang.org/x/crypto v0.0.0-20171105172739-ca1fcd4ab4c1/go.mod h1:6SG95UA2DQfeDnfUPMdvaQW0Q7yPrPDi9nlGo2tz2b4=
golang.org/x/net v0.0.0-20171102191033-01c190206fbd h1:CLQSRrSDQMOMkogMxky7XOkERftMegAnxjT2re4E66M=
golang.org/x/net v0.0.0-20171102191033-01c190206fbd/go.mod h1:mL1N/T3taQHkDXs73rZJwtUhF3w3ftmwwsq0BUmARs4=
golang.org/x/oauth2 v0.0.0-20170928010508-bb50c06baba3 h1:YGx0PRKSN/2n/OcdFycCC0JUA/Ln+i5lPcN8VoNDus0=
golang.org/x/oauth2 v0.0.0-20170928010508-bb50c06baba3/go.mod h1:N/0e6XlmueqKjAGxoOufVs8QHGRruUQn6yWY3a++T0U=
golang.org/x/sync v0.0.0-20190911185100-cd5d95a43a6e h1:vcxGaoTs7kV8m5Np9uUNQin4BrLOthgV7252N8V+FwY=
golang.org/x/sync v0.0.0-20190911185100-cd5d95a43a6e/go.mod h1:RxMgew5VJxzue5/jJTE5uejpjVlOe/izrB70Jof72aM=
golang.org/x/sys v0.0.0-20171104193350-8eb05f94d449 h1:Gn0FKhf4qtXDVbsXo6/0xnfsTPQIR2+GBpm/b+WruAo=
golang.org/x/sys v0.0.0-20171104193350-8eb05f94d449/go.mod h1:STP8DvDyc/dI5b8T5hshtkjS+E42TnysNCUPdjciGhY=
golang.org/x/text v0.1.1-0.20171102192421-88f656faf3f3 h1:OxMYHd6bm+jH+TI7NBCb/CaYk6pMJnBC8GIzIi68Hk4=
golang.org/x/text v0.1.1-0.20171102192421-88f656faf3f3/go.mod h1:NqM8EUOU14njkJ3fqMW+pc6Ldnwhi/IjpwHt7yyuwOQ=
google.golang.org/appengine v1.0.0 h1:dN4LljjBKVChsv0XCSI+zbyzdqrkEwX5LQFUMRSGqOc=
google.golang.org/appengine v1.0.0/go.mod h1:EbEs0AVv82hx2wNQdGPgUI5lhzA/G0D9YwlJXL52JkM=
gopkg.in/check.v1 v1.0.0-20190902080502-41f04d3bba15 h1:YR8cESwS4TdDjEe65xsg0ogRM/Nc3DYOhEAlW+xobZo=
gopkg.in/check.v1 v1.0.0-20190902080502-41f04d3bba15/go.mod h1:Co6ibVJAznAaIkqp8huTwlJQCZ016jof/cbN4VW5Yz0=
gopkg.in/yaml.v2 v2.0.0-20171116090243-287cf08546ab h1:yZ6iByf7GKeJ3gsd1Dr/xaj1DyJ//wxKX1Cdh8LhoAw=
gopkg.in/yaml.v2 v2.0.0-20171116090243-287cf08546ab/go.mod h1:JAlM8MvJe8wmxCU4Bli9HhUf9+ttbYbLASfIpnQbh74=
